
Microsoft Visual Studio Solution File, Format Version 12.00
# Visual Studio 15
VisualStudioVersion = 15.0.28307.757
MinimumVisualStudioVersion = 10.0.40219.1
Project("{8BC9CEB8-8B4A-11D0-8D11-00A0C91BC942}") = "PortTasksMapper", "PortTasksMapper\PortTasksMapper.vcxproj", "{EBCE42B6-54BF-4C09-9E86-07655139AE70}"
EndProject
Global
	GlobalSection(SolutionConfigurationPlatforms) = preSolution
		Debug|x64 = Debug|x64
		Debug|x86 = Debug|x86
		Release|x64 = Release|x64
		Release|x86 = Release|x86
	EndGlobalSection
	GlobalSection(ProjectConfigurationPlatforms) = postSolution
		{EBCE42B6-54BF-4C09-9E86-07655139AE70}.Debug|x64.ActiveCfg = Debug|x64
		{EBCE42B6-54BF-4C09-9E86-07655139AE70}.Debug|x64.Build.0 = Debug|x64
		{EBCE42B6-54BF-4C09-9E86-07655139AE70}.Debug|x86.ActiveCfg = Debug|Win32
		{EBCE42B6-54BF-4C09-9E86-07655139AE70}.Debug|x86.Build.0 = Debug|Win32
		{EBCE42B6-54BF-4C09-9E86-07655139AE70}.Release|x64.ActiveCfg = Release|x64
		{EBCE42B6-54BF-4C09-9E86-07655139AE70}.Release|x64.Build.0 = Release|x64
		{EBCE42B6-54BF-4C09-9E86-07655139AE70}.Release|x86.ActiveCfg = Release|Win32
		{EBCE42B6-54BF-4C09-9E86-07655139AE70}.Release|x86.Build.0 = Release|Win32
	EndGlobalSection
	GlobalSection(SolutionProperties) = preSolution
		HideSolutionNode = FALSE
	EndGlobalSection
	GlobalSection(ExtensibilityGlobals) = postSolution
		SolutionGuid = {294F1EF5-5394-41DF-8DC6-39B4CA6C8996}
	EndGlobalSection
EndGlobal
